// !$*UTF8*$!
{
	archiveVersion = 1;
	classes = {
	};
	objectVersion = 55;
	objects = {

/* Begin PBXBuildFile section */
		76154B9E28DE3EC5001C4F4E /* FolderCell.swift in Sources */ = {isa = PBXBuildFile; fileRef = 76154B9C28DE3EC5001C4F4E /* FolderCell.swift */; };
		76154B9F28DE3EC5001C4F4E /* FolderCell.xib in Resources */ = {isa = PBXBuildFile; fileRef = 76154B9D28DE3EC5001C4F4E /* FolderCell.xib */; };
		761D155C28D8E1F6003A0640 /* AppDelegate.swift in Sources */ = {isa = PBXBuildFile; fileRef = 761D155B28D8E1F6003A0640 /* AppDelegate.swift */; };
		761D155E28D8E1F6003A0640 /* SceneDelegate.swift in Sources */ = {isa = PBXBuildFile; fileRef = 761D155D28D8E1F6003A0640 /* SceneDelegate.swift */; };
		761D156028D8E1F6003A0640 /* ViewController.swift in Sources */ = {isa = PBXBuildFile; fileRef = 761D155F28D8E1F6003A0640 /* ViewController.swift */; };
		761D156328D8E1F6003A0640 /* Main.storyboard in Resources */ = {isa = PBXBuildFile; fileRef = 761D156128D8E1F6003A0640 /* Main.storyboard */; };
		761D156528D8E1F6003A0640 /* Assets.xcassets in Resources */ = {isa = PBXBuildFile; fileRef = 761D156428D8E1F6003A0640 /* Assets.xcassets */; };
		761D156828D8E1F6003A0640 /* LaunchScreen.storyboard in Resources */ = {isa = PBXBuildFile; fileRef = 761D156628D8E1F6003A0640 /* LaunchScreen.storyboard */; };
		761D157028D8E632003A0640 /* DetailViewController.swift in Sources */ = {isa = PBXBuildFile; fileRef = 761D156F28D8E632003A0640 /* DetailViewController.swift */; };
		76A4EA6C28DA3CEA000ED201 /* Folder.swift in Sources */ = {isa = PBXBuildFile; fileRef = 76A4EA6B28DA3CEA000ED201 /* Folder.swift */; };
		76AB138128D9D1F500D21E51 /* Note.swift in Sources */ = {isa = PBXBuildFile; fileRef = 76AB138028D9D1F500D21E51 /* Note.swift */; };
		76AB138328D9DAE300D21E51 /* NotesTableViewController.swift in Sources */ = {isa = PBXBuildFile; fileRef = 76AB138228D9DAE300D21E51 /* NotesTableViewController.swift */; };
		76E9F32128DBC55400A60D25 /* NoteCell.swift in Sources */ = {isa = PBXBuildFile; fileRef = 76E9F31F28DBC55400A60D25 /* NoteCell.swift */; };
		76E9F32228DBC55400A60D25 /* NoteCell.xib in Resources */ = {isa = PBXBuildFile; fileRef = 76E9F32028DBC55400A60D25 /* NoteCell.xib */; };
/* End PBXBuildFile section */

/* Begin PBXFileReference section */
		76154B9C28DE3EC5001C4F4E /* FolderCell.swift */ = {isa = PBXFileReference; lastKnownFileType = sourcecode.swift; path = FolderCell.swift; sourceTree = "<group>"; };
		76154B9D28DE3EC5001C4F4E /* FolderCell.xib */ = {isa = PBXFileReference; lastKnownFileType = file.xib; path = FolderCell.xib; sourceTree = "<group>"; };
		761D155828D8E1F6003A0640 /* NotesApp.app */ = {isa = PBXFileReference; explicitFileType = wrapper.application; includeInIndex = 0; path = NotesApp.app; sourceTree = BUILT_PRODUCTS_DIR; };
		761D155B28D8E1F6003A0640 /* AppDelegate.swift */ = {isa = PBXFileReference; lastKnownFileType = sourcecode.swift; path = AppDelegate.swift; sourceTree = "<group>"; };
		761D155D28D8E1F6003A0640 /* SceneDelegate.swift */ = {isa = PBXFileReference; lastKnownFileType = sourcecode.swift; path = SceneDelegate.swift; sourceTree = "<group>"; };
		761D155F28D8E1F6003A0640 /* ViewController.swift */ = {isa = PBXFileReference; lastKnownFileType = sourcecode.swift; path = ViewController.swift; sourceTree = "<group>"; };
		761D156228D8E1F6003A0640 /* Base */ = {isa = PBXFileReference; lastKnownFileType = file.storyboard; name = Base; path = Base.lproj/Main.storyboard; sourceTree = "<group>"; };
		761D156428D8E1F6003A0640 /* Assets.xcassets */ = {isa = PBXFileReference; lastKnownFileType = folder.assetcatalog; path = Assets.xcassets; sourceTree = "<group>"; };
		761D156728D8E1F6003A0640 /* Base */ = {isa = PBXFileReference; lastKnownFileType = file.storyboard; name = Base; path = Base.lproj/LaunchScreen.storyboard; sourceTree = "<group>"; };
		761D156928D8E1F6003A0640 /* Info.plist */ = {isa = PBXFileReference; lastKnownFileType = text.plist.xml; path = Info.plist; sourceTree = "<group>"; };
		761D156F28D8E632003A0640 /* DetailViewController.swift */ = {isa = PBXFileReference; lastKnownFileType = sourcecode.swift; path = DetailViewController.swift; sourceTree = "<group>"; };
		76A4EA6B28DA3CEA000ED201 /* Folder.swift */ = {isa = PBXFileReference; lastKnownFileType = sourcecode.swift; path = Folder.swift; sourceTree = "<group>"; };
		76AB138028D9D1F500D21E51 /* Note.swift */ = {isa = PBXFileReference; lastKnownFileType = sourcecode.swift; path = Note.swift; sourceTree = "<group>"; };
		76AB138228D9DAE300D21E51 /* NotesTableViewController.swift */ = {isa = PBXFileReference; lastKnownFileType = sourcecode.swift; path = NotesTableViewController.swift; sourceTree = "<group>"; };
		76E9F31F28DBC55400A60D25 /* NoteCell.swift */ = {isa = PBXFileReference; lastKnownFileType = sourcecode.swift; path = NoteCell.swift; sourceTree = "<group>"; };
		76E9F32028DBC55400A60D25 /* NoteCell.xib */ = {isa = PBXFileReference; lastKnownFileType = file.xib; path = NoteCell.xib; sourceTree = "<group>"; };
/* End PBXFileReference section */

/* Begin PBXFrameworksBuildPhase section */
		761D155528D8E1F6003A0640 /* Frameworks */ = {
			isa = PBXFrameworksBuildPhase;
			buildActionMask = 2147483647;
			files = (
			);
			runOnlyForDeploymentPostprocessing = 0;
		};
/* End PBXFrameworksBuildPhase section */

/* Begin PBXGroup section */
		761D154F28D8E1F6003A0640 = {
			isa = PBXGroup;
			children = (
				761D155A28D8E1F6003A0640 /* NotesApp */,
				761D155928D8E1F6003A0640 /* Products */,
			);
			sourceTree = "<group>";
		};
		761D155928D8E1F6003A0640 /* Products */ = {
			isa = PBXGroup;
			children = (
				761D155828D8E1F6003A0640 /* NotesApp.app */,
			);
			name = Products;
			sourceTree = "<group>";
		};
		761D155A28D8E1F6003A0640 /* NotesApp */ = {
			isa = PBXGroup;
			children = (
				761D155B28D8E1F6003A0640 /* AppDelegate.swift */,
				761D155D28D8E1F6003A0640 /* SceneDelegate.swift */,
				761D156128D8E1F6003A0640 /* Main.storyboard */,
				761D156428D8E1F6003A0640 /* Assets.xcassets */,
				761D156628D8E1F6003A0640 /* LaunchScreen.storyboard */,
				761D156928D8E1F6003A0640 /* Info.plist */,
				761D155F28D8E1F6003A0640 /* ViewController.swift */,
				76A4EA6B28DA3CEA000ED201 /* Folder.swift */,
				76154B9C28DE3EC5001C4F4E /* FolderCell.swift */,
				76154B9D28DE3EC5001C4F4E /* FolderCell.xib */,
				76AB138228D9DAE300D21E51 /* NotesTableViewController.swift */,
				76AB138028D9D1F500D21E51 /* Note.swift */,
				76E9F31F28DBC55400A60D25 /* NoteCell.swift */,
				76E9F32028DBC55400A60D25 /* NoteCell.xib */,
				761D156F28D8E632003A0640 /* DetailViewController.swift */,
			);
			path = NotesApp;
			sourceTree = "<group>";
		};
/* End PBXGroup section */

/* Begin PBXNativeTarget section */
		761D155728D8E1F6003A0640 /* NotesApp */ = {
			isa = PBXNativeTarget;
			buildConfigurationList = 761D156C28D8E1F6003A0640 /* Build configuration list for PBXNativeTarget "NotesApp" */;
			buildPhases = (
				761D155428D8E1F6003A0640 /* Sources */,
				761D155528D8E1F6003A0640 /* Frameworks */,
				761D155628D8E1F6003A0640 /* Resources */,
			);
			buildRules = (
			);
			dependencies = (
			);
			name = NotesApp;
			productName = "Notes App";
			productReference = 761D155828D8E1F6003A0640 /* NotesApp.app */;
			productType = "com.apple.product-type.application";
		};
/* End PBXNativeTarget section */

/* Begin PBXProject section */
		761D155028D8E1F6003A0640 /* Project object */ = {
			isa = PBXProject;
			attributes = {
				BuildIndependentTargetsInParallel = 1;
				LastSwiftUpdateCheck = 1340;
				LastUpgradeCheck = 1340;
				TargetAttributes = {
					761D155728D8E1F6003A0640 = {
						CreatedOnToolsVersion = 13.4.1;
					};
				};
			};
			buildConfigurationList = 761D155328D8E1F6003A0640 /* Build configuration list for PBXProject "NotesApp" */;
			compatibilityVersion = "Xcode 13.0";
			developmentRegion = en;
			hasScannedForEncodings = 0;
			knownRegions = (
				en,
				Base,
			);
			mainGroup = 761D154F28D8E1F6003A0640;
			productRefGroup = 761D155928D8E1F6003A0640 /* Products */;
			projectDirPath = "";
			projectRoot = "";
			targets = (
				761D155728D8E1F6003A0640 /* NotesApp */,
			);
		};
/* End PBXProject section */

/* Begin PBXResourcesBuildPhase section */
		761D155628D8E1F6003A0640 /* Resources */ = {
			isa = PBXResourcesBuildPhase;
			buildActionMask = 2147483647;
			files = (
				76154B9F28DE3EC5001C4F4E /* FolderCell.xib in Resources */,
				761D156828D8E1F6003A0640 /* LaunchScreen.storyboard in Resources */,
				761D156528D8E1F6003A0640 /* Assets.xcassets in Resources */,
				761D156328D8E1F6003A0640 /* Main.storyboard in Resources */,
				76E9F32228DBC55400A60D25 /* NoteCell.xib in Resources */,
			);
			runOnlyForDeploymentPostprocessing = 0;
		};
/* End PBXResourcesBuildPhase section */

/* Begin PBXSourcesBuildPhase section */
		761D155428D8E1F6003A0640 /* Sources */ = {
			isa = PBXSourcesBuildPhase;
			buildActionMask = 2147483647;
			files = (
				761D156028D8E1F6003A0640 /* ViewController.swift in Sources */,
				761D155C28D8E1F6003A0640 /* AppDelegate.swift in Sources */,
				76154B9E28DE3EC5001C4F4E /* FolderCell.swift in Sources */,
				761D155E28D8E1F6003A0640 /* SceneDelegate.swift in Sources */,
				761D157028D8E632003A0640 /* DetailViewController.swift in Sources */,
				76AB138128D9D1F500D21E51 /* Note.swift in Sources */,
				76AB138328D9DAE300D21E51 /* NotesTableViewController.swift in Sources */,
				76E9F32128DBC55400A60D25 /* NoteCell.swift in Sources */,
				76A4EA6C28DA3CEA000ED201 /* Folder.swift in Sources */,
			);
			runOnlyForDeploymentPostprocessing = 0;
		};
/* End PBXSourcesBuildPhase section */

/* Begin PBXVariantGroup section */
		761D156128D8E1F6003A0640 /* Main.storyboard */ = {
			isa = PBXVariantGroup;
			children = (
				761D156228D8E1F6003A0640 /* Base */,
			);
			name = Main.storyboard;
			sourceTree = "<group>";
		};
		761D156628D8E1F6003A0640 /* LaunchScreen.storyboard */ = {
			isa = PBXVariantGroup;
			children = (
				761D156728D8E1F6003A0640 /* Base */,
			);
			name = LaunchScreen.storyboard;
			sourceTree = "<group>";
		};
/* End PBXVariantGroup section */

/* Begin XCBuildConfiguration section */
		761D156A28D8E1F6003A0640 /* Debug */ = {
			isa = XCBuildConfiguration;
			buildSettings = {
				ALWAYS_SEARCH_USER_PATHS = NO;
				CLANG_ANALYZER_NONNULL = YES;
				CLANG_ANALYZER_NUMBER_OBJECT_CONVERSION = YES_AGGRESSIVE;
				CLANG_CXX_LANGUAGE_STANDARD = "gnu++17";
				CLANG_ENABLE_MODULES = YES;
				CLANG_ENABLE_OBJC_ARC = YES;
				CLANG_ENABLE_OBJC_WEAK = YES;
				CLANG_WARN_BLOCK_CAPTURE_AUTORELEASING = YES;
				CLANG_WARN_BOOL_CONVERSION = YES;
				CLANG_WARN_COMMA = YES;
				CLANG_WARN_CONSTANT_CONVERSION = YES;
				CLANG_WARN_DEPRECATED_OBJC_IMPLEMENTATIONS = YES;
				CLANG_WARN_DIRECT_OBJC_ISA_USAGE = YES_ERROR;
				CLANG_WARN_DOCUMENTATION_COMMENTS = YES;
				CLANG_WARN_EMPTY_BODY = YES;
				CLANG_WARN_ENUM_CONVERSION = YES;
				CLANG_WARN_INFINITE_RECURSION = YES;
				CLANG_WARN_INT_CONVERSION = YES;
				CLANG_WARN_NON_LITERAL_NULL_CONVERSION = YES;
				CLANG_WARN_OBJC_IMPLICIT_RETAIN_SELF = YES;
				CLANG_WARN_OBJC_LITERAL_CONVERSION = YES;
				CLANG_WARN_OBJC_ROOT_CLASS = YES_ERROR;
				CLANG_WARN_QUOTED_INCLUDE_IN_FRAMEWORK_HEADER = YES;
				CLANG_WARN_RANGE_LOOP_ANALYSIS = YES;
				CLANG_WARN_STRICT_PROTOTYPES = YES;
				CLANG_WARN_SUSPICIOUS_MOVE = YES;
				CLANG_WARN_UNGUARDED_AVAILABILITY = YES_AGGRESSIVE;
				CLANG_WARN_UNREACHABLE_CODE = YES;
				CLANG_WARN__DUPLICATE_METHOD_MATCH = YES;
				COPY_PHASE_STRIP = NO;
				DEBUG_INFORMATION_FORMAT = dwarf;
				ENABLE_STRICT_OBJC_MSGSEND = YES;
				ENABLE_TESTABILITY = YES;
				GCC_C_LANGUAGE_STANDARD = gnu11;
				GCC_DYNAMIC_NO_PIC = NO;
				GCC_NO_COMMON_BLOCKS = YES;
				GCC_OPTIMIZATION_LEVEL = 0;
				GCC_PREPROCESSOR_DEFINITIONS = (
					"DEBUG=1",
					"$(inherited)",
				);
				GCC_WARN_64_TO_32_BIT_CONVERSION = YES;
				GCC_WARN_ABOUT_RETURN_TYPE = YES_ERROR;
				GCC_WARN_UNDECLARED_SELECTOR = YES;
				GCC_WARN_UNINITIALIZED_AUTOS = YES_AGGRESSIVE;
				GCC_WARN_UNUSED_FUNCTION = YES;
				GCC_WARN_UNUSED_VARIABLE = YES;
				IPHONEOS_DEPLOYMENT_TARGET = 15.5;
				MTL_ENABLE_DEBUG_INFO = INCLUDE_SOURCE;
				MTL_FAST_MATH = YES;
				ONLY_ACTIVE_ARCH = YES;
				SDKROOT = iphoneos;
				SWIFT_ACTIVE_COMPILATION_CONDITIONS = DEBUG;
				SWIFT_OPTIMIZATION_LEVEL = "-Onone";
			};
			name = Debug;
		};
		761D156B28D8E1F6003A0640 /* Release */ = {
			isa = XCBuildConfiguration;
			buildSettings = {
				ALWAYS_SEARCH_USER_PATHS = NO;
				CLANG_ANALYZER_NONNULL = YES;
				CLANG_ANALYZER_NUMBER_OBJECT_CONVERSION = YES_AGGRESSIVE;
				CLANG_CXX_LANGUAGE_STANDARD = "gnu++17";
				CLANG_ENABLE_MODULES = YES;
				CLANG_ENABLE_OBJC_ARC = YES;
				CLANG_ENABLE_OBJC_WEAK = YES;
				CLANG_WARN_BLOCK_CAPTURE_AUTORELEASING = YES;
				CLANG_WARN_BOOL_CONVERSION = YES;
				CLANG_WARN_COMMA = YES;
				CLANG_WARN_CONSTANT_CONVERSION = YES;
				CLANG_WARN_DEPRECATED_OBJC_IMPLEMENTATIONS = YES;
				CLANG_WARN_DIRECT_OBJC_ISA_USAGE = YES_ERROR;
				CLANG_WARN_DOCUMENTATION_COMMENTS = YES;
				CLANG_WARN_EMPTY_BODY = YES;
				CLANG_WARN_ENUM_CONVERSION = YES;
				CLANG_WARN_INFINITE_RECURSION = YES;
				CLANG_WARN_INT_CONVERSION = YES;
				CLANG_WARN_NON_LITERAL_NULL_CONVERSION = YES;
				CLANG_WARN_OBJC_IMPLICIT_RETAIN_SELF = YES;
				CLANG_WARN_OBJC_LITERAL_CONVERSION = YES;
				CLANG_WARN_OBJC_ROOT_CLASS = YES_ERROR;
				CLANG_WARN_QUOTED_INCLUDE_IN_FRAMEWORK_HEADER = YES;
				CLANG_WARN_RANGE_LOOP_ANALYSIS = YES;
				CLANG_WARN_STRICT_PROTOTYPES = YES;
				CLANG_WARN_SUSPICIOUS_MOVE = YES;
				CLANG_WARN_UNGUARDED_AVAILABILITY = YES_AGGRESSIVE;
				CLANG_WARN_UNREACHABLE_CODE = YES;
				CLANG_WARN__DUPLICATE_METHOD_MATCH = YES;
				COPY_PHASE_STRIP = NO;
				DEBUG_INFORMATION_FORMAT = "dwarf-with-dsym";
				ENABLE_NS_ASSERTIONS = NO;
				ENABLE_STRICT_OBJC_MSGSEND = YES;
				GCC_C_LANGUAGE_STANDARD = gnu11;
				GCC_NO_COMMON_BLOCKS = YES;
				GCC_WARN_64_TO_32_BIT_CONVERSION = YES;
				GCC_WARN_ABOUT_RETURN_TYPE = YES_ERROR;
				GCC_WARN_UNDECLARED_SELECTOR = YES;
				GCC_WARN_UNINITIALIZED_AUTOS = YES_AGGRESSIVE;
				GCC_WARN_UNUSED_FUNCTION = YES;
				GCC_WARN_UNUSED_VARIABLE = YES;
				IPHONEOS_DEPLOYMENT_TARGET = 15.5;
				MTL_ENABLE_DEBUG_INFO = NO;
				MTL_FAST_MATH = YES;
				SDKROOT = iphoneos;
				SWIFT_COMPILATION_MODE = wholemodule;
				SWIFT_OPTIMIZATION_LEVEL = "-O";
				VALIDATE_PRODUCT = YES;
			};
			name = Release;
		};
		761D156D28D8E1F6003A0640 /* Debug */ = {
			isa = XCBuildConfiguration;
			buildSettings = {
				ASSETCATALOG_COMPILER_APPICON_NAME = AppIcon;
				ASSETCATALOG_COMPILER_GLOBAL_ACCENT_COLOR_NAME = AccentColor;
				CODE_SIGN_STYLE = Automatic;
				CURRENT_PROJECT_VERSION = 1;
				DEVELOPMENT_TEAM = 89L9PSZ495;
				GENERATE_INFOPLIST_FILE = YES;
				INFOPLIST_FILE = NotesApp/Info.plist;
				INFOPLIST_KEY_CFBundleDisplayName = NotesApp;
				INFOPLIST_KEY_UIApplicationSupportsIndirectInputEvents = YES;
				INFOPLIST_KEY_UILaunchStoryboardName = LaunchScreen;
				INFOPLIST_KEY_UIMainStoryboardFile = Main;
				INFOPLIST_KEY_UISupportedInterfaceOrientations_iPad = "UIInterfaceOrientationPortrait UIInterfaceOrientationPortraitUpsideDown UIInterfaceOrientationLandscapeLeft UIInterfaceOrientationLandscapeRight";
				INFOPLIST_KEY_UISupportedInterfaceOrientations_iPhone = "UIInterfaceOrientationPortrait UIInterfaceOrientationLandscapeLeft UIInterfaceOrientationLandscapeRight";
				LD_RUNPATH_SEARCH_PATHS = (
					"$(inherited)",
					"@executable_path/Frameworks",
				);
				MARKETING_VERSION = 1.0;
				PRODUCT_BUNDLE_IDENTIFIER = com.100.NotesApp;
				PRODUCT_NAME = "$(TARGET_NAME)";
				SWIFT_EMIT_LOC_STRINGS = YES;
				SWIFT_VERSION = 5.0;
				TARGETED_DEVICE_FAMILY = "1,2";
			};
			name = Debug;
		};
		761D156E28D8E1F6003A0640 /* Release */ = {
			isa = XCBuildConfiguration;
			buildSettings = {
				ASSETCATALOG_COMPILER_APPICON_NAME = AppIcon;
				ASSETCATALOG_COMPILER_GLOBAL_ACCENT_COLOR_NAME = AccentColor;
				CODE_SIGN_STYLE = Automatic;
				CURRENT_PROJECT_VERSION = 1;
				DEVELOPMENT_TEAM = 89L9PSZ495;
				GENERATE_INFOPLIST_FILE = YES;
				INFOPLIST_FILE = NotesApp/Info.plist;
				INFOPLIST_KEY_CFBundleDisplayName = NotesApp;
				INFOPLIST_KEY_UIApplicationSupportsIndirectInputEvents = YES;
				INFOPLIST_KEY_UILaunchStoryboardName = LaunchScreen;
				INFOPLIST_KEY_UIMainStoryboardFile = Main;
				INFOPLIST_KEY_UISupportedInterfaceOrientations_iPad = "UIInterfaceOrientationPortrait UIInterfaceOrientationPortraitUpsideDown UIInterfaceOrientationLandscapeLeft UIInterfaceOrientationLandscapeRight";
				INFOPLIST_KEY_UISupportedInterfaceOrientations_iPhone = "UIInterfaceOrientationPortrait UIInterfaceOrientationLandscapeLeft UIInterfaceOrientationLandscapeRight";
				LD_RUNPATH_SEARCH_PATHS = (
					"$(inherited)",
					"@executable_path/Frameworks",
				);
				MARKETING_VERSION = 1.0;
				PRODUCT_BUNDLE_IDENTIFIER = com.100.NotesApp;
				PRODUCT_NAME = "$(TARGET_NAME)";
				SWIFT_EMIT_LOC_STRINGS = YES;
				SWIFT_VERSION = 5.0;
				TARGETED_DEVICE_FAMILY = "1,2";
			};
			name = Release;
		};
/* End XCBuildConfiguration section */

/* Begin XCConfigurationList section */
		761D155328D8E1F6003A0640 /* Build configuration list for PBXProject "NotesApp" */ = {
			isa = XCConfigurationList;
			buildConfigurations = (
				761D156A28D8E1F6003A0640 /* Debug */,
				761D156B28D8E1F6003A0640 /* Release */,
			);
			defaultConfigurationIsVisible = 0;
			defaultConfigurationName = Release;
		};
		761D156C28D8E1F6003A0640 /* Build configuration list for PBXNativeTarget "NotesApp" */ = {
			isa = XCConfigurationList;
			buildConfigurations = (
				761D156D28D8E1F6003A0640 /* Debug */,
				761D156E28D8E1F6003A0640 /* Release */,
			);
			defaultConfigurationIsVisible = 0;
			defaultConfigurationName = Release;
		};
/* End XCConfigurationList section */
	};
	rootObject = 761D155028D8E1F6003A0640 /* Project object */;
}
