// !$*UTF8*$!
{
	archiveVersion = 1;
	classes = {
	};
	objectVersion = 55;
	objects = {

/* Begin PBXBuildFile section */
		7691F38928C1FBD300AD4FA4 /* hightech-1.png in Resources */ = {isa = PBXBuildFile; fileRef = 7691F37E28C1FBD300AD4FA4 /* hightech-1.png */; };
		7691F38A28C1FBD300AD4FA4 /* hightech-3.png in Resources */ = {isa = PBXBuildFile; fileRef = 7691F37F28C1FBD300AD4FA4 /* hightech-3.png */; };
		7691F38B28C1FBD300AD4FA4 /* hightech-2.png in Resources */ = {isa = PBXBuildFile; fileRef = 7691F38028C1FBD300AD4FA4 /* hightech-2.png */; };
		7691F38C28C1FBD300AD4FA4 /* steampunk-2.png in Resources */ = {isa = PBXBuildFile; fileRef = 7691F38228C1FBD300AD4FA4 /* steampunk-2.png */; };
		7691F38D28C1FBD300AD4FA4 /* steampunk-1.png in Resources */ = {isa = PBXBuildFile; fileRef = 7691F38328C1FBD300AD4FA4 /* steampunk-1.png */; };
		7691F38E28C1FBD300AD4FA4 /* steampunk-3.png in Resources */ = {isa = PBXBuildFile; fileRef = 7691F38428C1FBD300AD4FA4 /* steampunk-3.png */; };
		7691F39128C1FBD300AD4FA4 /* good.png in Resources */ = {isa = PBXBuildFile; fileRef = 7691F38828C1FBD300AD4FA4 /* good.png */; };
		76B0456A28C0FB2A00BE0FE7 /* AppDelegate.swift in Sources */ = {isa = PBXBuildFile; fileRef = 76B0456928C0FB2A00BE0FE7 /* AppDelegate.swift */; };
		76B0456C28C0FB2A00BE0FE7 /* GameScene.sks in Resources */ = {isa = PBXBuildFile; fileRef = 76B0456B28C0FB2A00BE0FE7 /* GameScene.sks */; };
		76B0457028C0FB2A00BE0FE7 /* GameScene.swift in Sources */ = {isa = PBXBuildFile; fileRef = 76B0456F28C0FB2A00BE0FE7 /* GameScene.swift */; };
		76B0457228C0FB2A00BE0FE7 /* GameViewController.swift in Sources */ = {isa = PBXBuildFile; fileRef = 76B0457128C0FB2A00BE0FE7 /* GameViewController.swift */; };
		76B0457528C0FB2A00BE0FE7 /* Main.storyboard in Resources */ = {isa = PBXBuildFile; fileRef = 76B0457328C0FB2A00BE0FE7 /* Main.storyboard */; };
		76B0457A28C0FB2B00BE0FE7 /* LaunchScreen.storyboard in Resources */ = {isa = PBXBuildFile; fileRef = 76B0457828C0FB2B00BE0FE7 /* LaunchScreen.storyboard */; };
		76B0459F28C1009F00BE0FE7 /* background.png in Resources */ = {isa = PBXBuildFile; fileRef = 76B0459E28C1009F00BE0FE7 /* background.png */; };
/* End PBXBuildFile section */

/* Begin PBXFileReference section */
		7691F37E28C1FBD300AD4FA4 /* hightech-1.png */ = {isa = PBXFileReference; lastKnownFileType = image.png; path = "hightech-1.png"; sourceTree = "<group>"; };
		7691F37F28C1FBD300AD4FA4 /* hightech-3.png */ = {isa = PBXFileReference; lastKnownFileType = image.png; path = "hightech-3.png"; sourceTree = "<group>"; };
		7691F38028C1FBD300AD4FA4 /* hightech-2.png */ = {isa = PBXFileReference; lastKnownFileType = image.png; path = "hightech-2.png"; sourceTree = "<group>"; };
		7691F38228C1FBD300AD4FA4 /* steampunk-2.png */ = {isa = PBXFileReference; lastKnownFileType = image.png; path = "steampunk-2.png"; sourceTree = "<group>"; };
		7691F38328C1FBD300AD4FA4 /* steampunk-1.png */ = {isa = PBXFileReference; lastKnownFileType = image.png; path = "steampunk-1.png"; sourceTree = "<group>"; };
		7691F38428C1FBD300AD4FA4 /* steampunk-3.png */ = {isa = PBXFileReference; lastKnownFileType = image.png; path = "steampunk-3.png"; sourceTree = "<group>"; };
		7691F38828C1FBD300AD4FA4 /* good.png */ = {isa = PBXFileReference; lastKnownFileType = image.png; path = good.png; sourceTree = "<group>"; };
		76B0456628C0FB2A00BE0FE7 /* milestone-Space Shooter.app */ = {isa = PBXFileReference; explicitFileType = wrapper.application; includeInIndex = 0; path = "milestone-Space Shooter.app"; sourceTree = BUILT_PRODUCTS_DIR; };
		76B0456928C0FB2A00BE0FE7 /* AppDelegate.swift */ = {isa = PBXFileReference; lastKnownFileType = sourcecode.swift; path = AppDelegate.swift; sourceTree = "<group>"; };
		76B0456B28C0FB2A00BE0FE7 /* GameScene.sks */ = {isa = PBXFileReference; lastKnownFileType = file.sks; path = GameScene.sks; sourceTree = "<group>"; };
		76B0456F28C0FB2A00BE0FE7 /* GameScene.swift */ = {isa = PBXFileReference; lastKnownFileType = sourcecode.swift; path = GameScene.swift; sourceTree = "<group>"; };
		76B0457128C0FB2A00BE0FE7 /* GameViewController.swift */ = {isa = PBXFileReference; lastKnownFileType = sourcecode.swift; path = GameViewController.swift; sourceTree = "<group>"; };
		76B0457428C0FB2A00BE0FE7 /* Base */ = {isa = PBXFileReference; lastKnownFileType = file.storyboard; name = Base; path = Base.lproj/Main.storyboard; sourceTree = "<group>"; };
		76B0457928C0FB2B00BE0FE7 /* Base */ = {isa = PBXFileReference; lastKnownFileType = file.storyboard; name = Base; path = Base.lproj/LaunchScreen.storyboard; sourceTree = "<group>"; };
		76B0459E28C1009F00BE0FE7 /* background.png */ = {isa = PBXFileReference; lastKnownFileType = image.png; path = background.png; sourceTree = "<group>"; };
/* End PBXFileReference section */

/* Begin PBXFrameworksBuildPhase section */
		76B0456328C0FB2A00BE0FE7 /* Frameworks */ = {
			isa = PBXFrameworksBuildPhase;
			buildActionMask = 2147483647;
			files = (
			);
			runOnlyForDeploymentPostprocessing = 0;
		};
/* End PBXFrameworksBuildPhase section */

/* Begin PBXGroup section */
		7691F37C28C1FBD300AD4FA4 /* spaceships */ = {
			isa = PBXGroup;
			children = (
				7691F37D28C1FBD300AD4FA4 /* alien spaceship (hightech) */,
				7691F38128C1FBD300AD4FA4 /* alien spaceship (steampunk) */,
				7691F38628C1FBD300AD4FA4 /* good spacehip */,
			);
			path = spaceships;
			sourceTree = "<group>";
		};
		7691F37D28C1FBD300AD4FA4 /* alien spaceship (hightech) */ = {
			isa = PBXGroup;
			children = (
				7691F37E28C1FBD300AD4FA4 /* hightech-1.png */,
				7691F37F28C1FBD300AD4FA4 /* hightech-3.png */,
				7691F38028C1FBD300AD4FA4 /* hightech-2.png */,
			);
			path = "alien spaceship (hightech)";
			sourceTree = "<group>";
		};
		7691F38128C1FBD300AD4FA4 /* alien spaceship (steampunk) */ = {
			isa = PBXGroup;
			children = (
				7691F38228C1FBD300AD4FA4 /* steampunk-2.png */,
				7691F38328C1FBD300AD4FA4 /* steampunk-1.png */,
				7691F38428C1FBD300AD4FA4 /* steampunk-3.png */,
			);
			path = "alien spaceship (steampunk)";
			sourceTree = "<group>";
		};
		7691F38628C1FBD300AD4FA4 /* good spacehip */ = {
			isa = PBXGroup;
			children = (
				7691F38828C1FBD300AD4FA4 /* good.png */,
			);
			path = "good spacehip";
			sourceTree = "<group>";
		};
		76B0455D28C0FB2A00BE0FE7 = {
			isa = PBXGroup;
			children = (
				76B0456828C0FB2A00BE0FE7 /* milestone-Space Shooter */,
				76B0456728C0FB2A00BE0FE7 /* Products */,
			);
			sourceTree = "<group>";
		};
		76B0456728C0FB2A00BE0FE7 /* Products */ = {
			isa = PBXGroup;
			children = (
				76B0456628C0FB2A00BE0FE7 /* milestone-Space Shooter.app */,
			);
			name = Products;
			sourceTree = "<group>";
		};
		76B0456828C0FB2A00BE0FE7 /* milestone-Space Shooter */ = {
			isa = PBXGroup;
			children = (
				76B0456928C0FB2A00BE0FE7 /* AppDelegate.swift */,
				76B0456B28C0FB2A00BE0FE7 /* GameScene.sks */,
				76B0456F28C0FB2A00BE0FE7 /* GameScene.swift */,
				76B0457128C0FB2A00BE0FE7 /* GameViewController.swift */,
				76B0457328C0FB2A00BE0FE7 /* Main.storyboard */,
				76B0457828C0FB2B00BE0FE7 /* LaunchScreen.storyboard */,
				76B0458028C0FCAA00BE0FE7 /* Content */,
			);
			path = "milestone-Space Shooter";
			sourceTree = "<group>";
		};
		76B0458028C0FCAA00BE0FE7 /* Content */ = {
			isa = PBXGroup;
			children = (
				7691F37C28C1FBD300AD4FA4 /* spaceships */,
				76B0458128C0FCAA00BE0FE7 /* background */,
			);
			path = Content;
			sourceTree = "<group>";
		};
		76B0458128C0FCAA00BE0FE7 /* background */ = {
			isa = PBXGroup;
			children = (
				76B0459E28C1009F00BE0FE7 /* background.png */,
			);
			path = background;
			sourceTree = "<group>";
		};
/* End PBXGroup section */

/* Begin PBXNativeTarget section */
		76B0456528C0FB2A00BE0FE7 /* milestone-Space Shooter */ = {
			isa = PBXNativeTarget;
			buildConfigurationList = 76B0457D28C0FB2B00BE0FE7 /* Build configuration list for PBXNativeTarget "milestone-Space Shooter" */;
			buildPhases = (
				76B0456228C0FB2A00BE0FE7 /* Sources */,
				76B0456328C0FB2A00BE0FE7 /* Frameworks */,
				76B0456428C0FB2A00BE0FE7 /* Resources */,
			);
			buildRules = (
			);
			dependencies = (
			);
			name = "milestone-Space Shooter";
			productName = "milestone-Space Shooter";
			productReference = 76B0456628C0FB2A00BE0FE7 /* milestone-Space Shooter.app */;
			productType = "com.apple.product-type.application";
		};
/* End PBXNativeTarget section */

/* Begin PBXProject section */
		76B0455E28C0FB2A00BE0FE7 /* Project object */ = {
			isa = PBXProject;
			attributes = {
				BuildIndependentTargetsInParallel = 1;
				LastSwiftUpdateCheck = 1340;
				LastUpgradeCheck = 1340;
				TargetAttributes = {
					76B0456528C0FB2A00BE0FE7 = {
						CreatedOnToolsVersion = 13.4.1;
					};
				};
			};
			buildConfigurationList = 76B0456128C0FB2A00BE0FE7 /* Build configuration list for PBXProject "milestone-Space Shooter" */;
			compatibilityVersion = "Xcode 13.0";
			developmentRegion = en;
			hasScannedForEncodings = 0;
			knownRegions = (
				en,
				Base,
			);
			mainGroup = 76B0455D28C0FB2A00BE0FE7;
			productRefGroup = 76B0456728C0FB2A00BE0FE7 /* Products */;
			projectDirPath = "";
			projectRoot = "";
			targets = (
				76B0456528C0FB2A00BE0FE7 /* milestone-Space Shooter */,
			);
		};
/* End PBXProject section */

/* Begin PBXResourcesBuildPhase section */
		76B0456428C0FB2A00BE0FE7 /* Resources */ = {
			isa = PBXResourcesBuildPhase;
			buildActionMask = 2147483647;
			files = (
				7691F38B28C1FBD300AD4FA4 /* hightech-2.png in Resources */,
				76B0457528C0FB2A00BE0FE7 /* Main.storyboard in Resources */,
				7691F38C28C1FBD300AD4FA4 /* steampunk-2.png in Resources */,
				7691F38A28C1FBD300AD4FA4 /* hightech-3.png in Resources */,
				7691F39128C1FBD300AD4FA4 /* good.png in Resources */,
				7691F38D28C1FBD300AD4FA4 /* steampunk-1.png in Resources */,
				76B0459F28C1009F00BE0FE7 /* background.png in Resources */,
				76B0456C28C0FB2A00BE0FE7 /* GameScene.sks in Resources */,
				7691F38E28C1FBD300AD4FA4 /* steampunk-3.png in Resources */,
				76B0457A28C0FB2B00BE0FE7 /* LaunchScreen.storyboard in Resources */,
				7691F38928C1FBD300AD4FA4 /* hightech-1.png in Resources */,
			);
			runOnlyForDeploymentPostprocessing = 0;
		};
/* End PBXResourcesBuildPhase section */

/* Begin PBXSourcesBuildPhase section */
		76B0456228C0FB2A00BE0FE7 /* Sources */ = {
			isa = PBXSourcesBuildPhase;
			buildActionMask = 2147483647;
			files = (
				76B0457028C0FB2A00BE0FE7 /* GameScene.swift in Sources */,
				76B0457228C0FB2A00BE0FE7 /* GameViewController.swift in Sources */,
				76B0456A28C0FB2A00BE0FE7 /* AppDelegate.swift in Sources */,
			);
			runOnlyForDeploymentPostprocessing = 0;
		};
/* End PBXSourcesBuildPhase section */

/* Begin PBXVariantGroup section */
		76B0457328C0FB2A00BE0FE7 /* Main.storyboard */ = {
			isa = PBXVariantGroup;
			children = (
				76B0457428C0FB2A00BE0FE7 /* Base */,
			);
			name = Main.storyboard;
			sourceTree = "<group>";
		};
		76B0457828C0FB2B00BE0FE7 /* LaunchScreen.storyboard */ = {
			isa = PBXVariantGroup;
			children = (
				76B0457928C0FB2B00BE0FE7 /* Base */,
			);
			name = LaunchScreen.storyboard;
			sourceTree = "<group>";
		};
/* End PBXVariantGroup section */

/* Begin XCBuildConfiguration section */
		76B0457B28C0FB2B00BE0FE7 /* Debug */ = {
			isa = XCBuildConfiguration;
			buildSettings = {
				ALWAYS_SEARCH_USER_PATHS = NO;
				CLANG_ANALYZER_NONNULL = YES;
				CLANG_ANALYZER_NUMBER_OBJECT_CONVERSION = YES_AGGRESSIVE;
				CLANG_CXX_LANGUAGE_STANDARD = "gnu++17";
				CLANG_ENABLE_MODULES = YES;
				CLANG_ENABLE_OBJC_ARC = YES;
				CLANG_ENABLE_OBJC_WEAK = YES;
				CLANG_WARN_BLOCK_CAPTURE_AUTORELEASING = YES;
				CLANG_WARN_BOOL_CONVERSION = YES;
				CLANG_WARN_COMMA = YES;
				CLANG_WARN_CONSTANT_CONVERSION = YES;
				CLANG_WARN_DEPRECATED_OBJC_IMPLEMENTATIONS = YES;
				CLANG_WARN_DIRECT_OBJC_ISA_USAGE = YES_ERROR;
				CLANG_WARN_DOCUMENTATION_COMMENTS = YES;
				CLANG_WARN_EMPTY_BODY = YES;
				CLANG_WARN_ENUM_CONVERSION = YES;
				CLANG_WARN_INFINITE_RECURSION = YES;
				CLANG_WARN_INT_CONVERSION = YES;
				CLANG_WARN_NON_LITERAL_NULL_CONVERSION = YES;
				CLANG_WARN_OBJC_IMPLICIT_RETAIN_SELF = YES;
				CLANG_WARN_OBJC_LITERAL_CONVERSION = YES;
				CLANG_WARN_OBJC_ROOT_CLASS = YES_ERROR;
				CLANG_WARN_QUOTED_INCLUDE_IN_FRAMEWORK_HEADER = YES;
				CLANG_WARN_RANGE_LOOP_ANALYSIS = YES;
				CLANG_WARN_STRICT_PROTOTYPES = YES;
				CLANG_WARN_SUSPICIOUS_MOVE = YES;
				CLANG_WARN_UNGUARDED_AVAILABILITY = YES_AGGRESSIVE;
				CLANG_WARN_UNREACHABLE_CODE = YES;
				CLANG_WARN__DUPLICATE_METHOD_MATCH = YES;
				COPY_PHASE_STRIP = NO;
				DEBUG_INFORMATION_FORMAT = dwarf;
				ENABLE_STRICT_OBJC_MSGSEND = YES;
				ENABLE_TESTABILITY = YES;
				GCC_C_LANGUAGE_STANDARD = gnu11;
				GCC_DYNAMIC_NO_PIC = NO;
				GCC_NO_COMMON_BLOCKS = YES;
				GCC_OPTIMIZATION_LEVEL = 0;
				GCC_PREPROCESSOR_DEFINITIONS = (
					"DEBUG=1",
					"$(inherited)",
				);
				GCC_WARN_64_TO_32_BIT_CONVERSION = YES;
				GCC_WARN_ABOUT_RETURN_TYPE = YES_ERROR;
				GCC_WARN_UNDECLARED_SELECTOR = YES;
				GCC_WARN_UNINITIALIZED_AUTOS = YES_AGGRESSIVE;
				GCC_WARN_UNUSED_FUNCTION = YES;
				GCC_WARN_UNUSED_VARIABLE = YES;
				IPHONEOS_DEPLOYMENT_TARGET = 15.5;
				MTL_ENABLE_DEBUG_INFO = INCLUDE_SOURCE;
				MTL_FAST_MATH = YES;
				ONLY_ACTIVE_ARCH = YES;
				SDKROOT = iphoneos;
				SWIFT_ACTIVE_COMPILATION_CONDITIONS = DEBUG;
				SWIFT_OPTIMIZATION_LEVEL = "-Onone";
			};
			name = Debug;
		};
		76B0457C28C0FB2B00BE0FE7 /* Release */ = {
			isa = XCBuildConfiguration;
			buildSettings = {
				ALWAYS_SEARCH_USER_PATHS = NO;
				CLANG_ANALYZER_NONNULL = YES;
				CLANG_ANALYZER_NUMBER_OBJECT_CONVERSION = YES_AGGRESSIVE;
				CLANG_CXX_LANGUAGE_STANDARD = "gnu++17";
				CLANG_ENABLE_MODULES = YES;
				CLANG_ENABLE_OBJC_ARC = YES;
				CLANG_ENABLE_OBJC_WEAK = YES;
				CLANG_WARN_BLOCK_CAPTURE_AUTORELEASING = YES;
				CLANG_WARN_BOOL_CONVERSION = YES;
				CLANG_WARN_COMMA = YES;
				CLANG_WARN_CONSTANT_CONVERSION = YES;
				CLANG_WARN_DEPRECATED_OBJC_IMPLEMENTATIONS = YES;
				CLANG_WARN_DIRECT_OBJC_ISA_USAGE = YES_ERROR;
				CLANG_WARN_DOCUMENTATION_COMMENTS = YES;
				CLANG_WARN_EMPTY_BODY = YES;
				CLANG_WARN_ENUM_CONVERSION = YES;
				CLANG_WARN_INFINITE_RECURSION = YES;
				CLANG_WARN_INT_CONVERSION = YES;
				CLANG_WARN_NON_LITERAL_NULL_CONVERSION = YES;
				CLANG_WARN_OBJC_IMPLICIT_RETAIN_SELF = YES;
				CLANG_WARN_OBJC_LITERAL_CONVERSION = YES;
				CLANG_WARN_OBJC_ROOT_CLASS = YES_ERROR;
				CLANG_WARN_QUOTED_INCLUDE_IN_FRAMEWORK_HEADER = YES;
				CLANG_WARN_RANGE_LOOP_ANALYSIS = YES;
				CLANG_WARN_STRICT_PROTOTYPES = YES;
				CLANG_WARN_SUSPICIOUS_MOVE = YES;
				CLANG_WARN_UNGUARDED_AVAILABILITY = YES_AGGRESSIVE;
				CLANG_WARN_UNREACHABLE_CODE = YES;
				CLANG_WARN__DUPLICATE_METHOD_MATCH = YES;
				COPY_PHASE_STRIP = NO;
				DEBUG_INFORMATION_FORMAT = "dwarf-with-dsym";
				ENABLE_NS_ASSERTIONS = NO;
				ENABLE_STRICT_OBJC_MSGSEND = YES;
				GCC_C_LANGUAGE_STANDARD = gnu11;
				GCC_NO_COMMON_BLOCKS = YES;
				GCC_WARN_64_TO_32_BIT_CONVERSION = YES;
				GCC_WARN_ABOUT_RETURN_TYPE = YES_ERROR;
				GCC_WARN_UNDECLARED_SELECTOR = YES;
				GCC_WARN_UNINITIALIZED_AUTOS = YES_AGGRESSIVE;
				GCC_WARN_UNUSED_FUNCTION = YES;
				GCC_WARN_UNUSED_VARIABLE = YES;
				IPHONEOS_DEPLOYMENT_TARGET = 15.5;
				MTL_ENABLE_DEBUG_INFO = NO;
				MTL_FAST_MATH = YES;
				SDKROOT = iphoneos;
				SWIFT_COMPILATION_MODE = wholemodule;
				SWIFT_OPTIMIZATION_LEVEL = "-O";
				VALIDATE_PRODUCT = YES;
			};
			name = Release;
		};
		76B0457E28C0FB2B00BE0FE7 /* Debug */ = {
			isa = XCBuildConfiguration;
			buildSettings = {
				ASSETCATALOG_COMPILER_APPICON_NAME = AppIcon;
				ASSETCATALOG_COMPILER_GLOBAL_ACCENT_COLOR_NAME = AccentColor;
				CODE_SIGN_STYLE = Automatic;
				CURRENT_PROJECT_VERSION = 1;
				DEVELOPMENT_TEAM = 89L9PSZ495;
				GENERATE_INFOPLIST_FILE = YES;
				INFOPLIST_KEY_UIApplicationSupportsIndirectInputEvents = YES;
				INFOPLIST_KEY_UILaunchStoryboardName = LaunchScreen;
				INFOPLIST_KEY_UIMainStoryboardFile = Main;
				INFOPLIST_KEY_UIStatusBarHidden = YES;
				INFOPLIST_KEY_UISupportedInterfaceOrientations_iPad = "UIInterfaceOrientationLandscapeLeft UIInterfaceOrientationLandscapeRight";
				INFOPLIST_KEY_UISupportedInterfaceOrientations_iPhone = "UIInterfaceOrientationPortrait UIInterfaceOrientationLandscapeLeft UIInterfaceOrientationLandscapeRight";
				LD_RUNPATH_SEARCH_PATHS = (
					"$(inherited)",
					"@executable_path/Frameworks",
				);
				MARKETING_VERSION = 1.0;
				PRODUCT_BUNDLE_IDENTIFIER = "com.milestone-Space-Shooter";
				PRODUCT_NAME = "$(TARGET_NAME)";
				SWIFT_EMIT_LOC_STRINGS = YES;
				SWIFT_VERSION = 5.0;
				TARGETED_DEVICE_FAMILY = 2;
			};
			name = Debug;
		};
		76B0457F28C0FB2B00BE0FE7 /* Release */ = {
			isa = XCBuildConfiguration;
			buildSettings = {
				ASSETCATALOG_COMPILER_APPICON_NAME = AppIcon;
				ASSETCATALOG_COMPILER_GLOBAL_ACCENT_COLOR_NAME = AccentColor;
				CODE_SIGN_STYLE = Automatic;
				CURRENT_PROJECT_VERSION = 1;
				DEVELOPMENT_TEAM = 89L9PSZ495;
				GENERATE_INFOPLIST_FILE = YES;
				INFOPLIST_KEY_UIApplicationSupportsIndirectInputEvents = YES;
				INFOPLIST_KEY_UILaunchStoryboardName = LaunchScreen;
				INFOPLIST_KEY_UIMainStoryboardFile = Main;
				INFOPLIST_KEY_UIStatusBarHidden = YES;
				INFOPLIST_KEY_UISupportedInterfaceOrientations_iPad = "UIInterfaceOrientationLandscapeLeft UIInterfaceOrientationLandscapeRight";
				INFOPLIST_KEY_UISupportedInterfaceOrientations_iPhone = "UIInterfaceOrientationPortrait UIInterfaceOrientationLandscapeLeft UIInterfaceOrientationLandscapeRight";
				LD_RUNPATH_SEARCH_PATHS = (
					"$(inherited)",
					"@executable_path/Frameworks",
				);
				MARKETING_VERSION = 1.0;
				PRODUCT_BUNDLE_IDENTIFIER = "com.milestone-Space-Shooter";
				PRODUCT_NAME = "$(TARGET_NAME)";
				SWIFT_EMIT_LOC_STRINGS = YES;
				SWIFT_VERSION = 5.0;
				TARGETED_DEVICE_FAMILY = 2;
			};
			name = Release;
		};
/* End XCBuildConfiguration section */

/* Begin XCConfigurationList section */
		76B0456128C0FB2A00BE0FE7 /* Build configuration list for PBXProject "milestone-Space Shooter" */ = {
			isa = XCConfigurationList;
			buildConfigurations = (
				76B0457B28C0FB2B00BE0FE7 /* Debug */,
				76B0457C28C0FB2B00BE0FE7 /* Release */,
			);
			defaultConfigurationIsVisible = 0;
			defaultConfigurationName = Release;
		};
		76B0457D28C0FB2B00BE0FE7 /* Build configuration list for PBXNativeTarget "milestone-Space Shooter" */ = {
			isa = XCConfigurationList;
			buildConfigurations = (
				76B0457E28C0FB2B00BE0FE7 /* Debug */,
				76B0457F28C0FB2B00BE0FE7 /* Release */,
			);
			defaultConfigurationIsVisible = 0;
			defaultConfigurationName = Release;
		};
/* End XCConfigurationList section */
	};
	rootObject = 76B0455E28C0FB2A00BE0FE7 /* Project object */;
}
