// !$*UTF8*$!
{
	archiveVersion = 1;
	classes = {
	};
	objectVersion = 55;
	objects = {

/* Begin PBXBuildFile section */
		7630D1CE2898A0CC0010BE52 /* AppDelegate.swift in Sources */ = {isa = PBXBuildFile; fileRef = 7630D1CD2898A0CC0010BE52 /* AppDelegate.swift */; };
		7630D1D02898A0CC0010BE52 /* GameScene.sks in Resources */ = {isa = PBXBuildFile; fileRef = 7630D1CF2898A0CC0010BE52 /* GameScene.sks */; };
		7630D1D42898A0CC0010BE52 /* GameScene.swift in Sources */ = {isa = PBXBuildFile; fileRef = 7630D1D32898A0CC0010BE52 /* GameScene.swift */; };
		7630D1D62898A0CC0010BE52 /* GameViewController.swift in Sources */ = {isa = PBXBuildFile; fileRef = 7630D1D52898A0CC0010BE52 /* GameViewController.swift */; };
		7630D1D92898A0CC0010BE52 /* Main.storyboard in Resources */ = {isa = PBXBuildFile; fileRef = 7630D1D72898A0CC0010BE52 /* Main.storyboard */; };
		7630D1DE2898A0CD0010BE52 /* LaunchScreen.storyboard in Resources */ = {isa = PBXBuildFile; fileRef = 7630D1DC2898A0CD0010BE52 /* LaunchScreen.storyboard */; };
		7630D1FD2898A2570010BE52 /* whackBad.caf in Resources */ = {isa = PBXBuildFile; fileRef = 7630D1F52898A2570010BE52 /* whackBad.caf */; };
		7630D1FE2898A2570010BE52 /* whack.caf in Resources */ = {isa = PBXBuildFile; fileRef = 7630D1F62898A2570010BE52 /* whack.caf */; };
		7630D1FF2898A2570010BE52 /* gameOver@2x.png in Resources */ = {isa = PBXBuildFile; fileRef = 7630D1F72898A2570010BE52 /* gameOver@2x.png */; };
		7630D2002898A2570010BE52 /* penguinEvil@2x.png in Resources */ = {isa = PBXBuildFile; fileRef = 7630D1F82898A2570010BE52 /* penguinEvil@2x.png */; };
		7630D2012898A2570010BE52 /* whackHole@2x.png in Resources */ = {isa = PBXBuildFile; fileRef = 7630D1F92898A2570010BE52 /* whackHole@2x.png */; };
		7630D2022898A2570010BE52 /* penguinGood@2x.png in Resources */ = {isa = PBXBuildFile; fileRef = 7630D1FA2898A2570010BE52 /* penguinGood@2x.png */; };
		7630D2032898A2570010BE52 /* whackMask@2x.png in Resources */ = {isa = PBXBuildFile; fileRef = 7630D1FB2898A2570010BE52 /* whackMask@2x.png */; };
		7630D2042898A2570010BE52 /* whackBackground@2x.png in Resources */ = {isa = PBXBuildFile; fileRef = 7630D1FC2898A2570010BE52 /* whackBackground@2x.png */; };
		7630D2062898ADB40010BE52 /* WhackSlot.swift in Sources */ = {isa = PBXBuildFile; fileRef = 7630D2052898ADB40010BE52 /* WhackSlot.swift */; };
		76D0B4B5289BDB6300E21E86 /* penguinHit.sks in Resources */ = {isa = PBXBuildFile; fileRef = 76D0B4B4289BDB6300E21E86 /* penguinHit.sks */; };
		76D0B4BB289BE1C700E21E86 /* Assets.xcassets in Resources */ = {isa = PBXBuildFile; fileRef = 76D0B4B9289BE1C700E21E86 /* Assets.xcassets */; };
		76D0B4BD289BE40800E21E86 /* mudEmitter.sks in Resources */ = {isa = PBXBuildFile; fileRef = 76D0B4BC289BE40800E21E86 /* mudEmitter.sks */; };
/* End PBXBuildFile section */

/* Begin PBXFileReference section */
		7630D1CA2898A0CC0010BE52 /* Project14.app */ = {isa = PBXFileReference; explicitFileType = wrapper.application; includeInIndex = 0; path = Project14.app; sourceTree = BUILT_PRODUCTS_DIR; };
		7630D1CD2898A0CC0010BE52 /* AppDelegate.swift */ = {isa = PBXFileReference; lastKnownFileType = sourcecode.swift; path = AppDelegate.swift; sourceTree = "<group>"; };
		7630D1CF2898A0CC0010BE52 /* GameScene.sks */ = {isa = PBXFileReference; lastKnownFileType = file.sks; path = GameScene.sks; sourceTree = "<group>"; };
		7630D1D32898A0CC0010BE52 /* GameScene.swift */ = {isa = PBXFileReference; lastKnownFileType = sourcecode.swift; path = GameScene.swift; sourceTree = "<group>"; };
		7630D1D52898A0CC0010BE52 /* GameViewController.swift */ = {isa = PBXFileReference; lastKnownFileType = sourcecode.swift; path = GameViewController.swift; sourceTree = "<group>"; };
		7630D1D82898A0CC0010BE52 /* Base */ = {isa = PBXFileReference; lastKnownFileType = file.storyboard; name = Base; path = Base.lproj/Main.storyboard; sourceTree = "<group>"; };
		7630D1DD2898A0CD0010BE52 /* Base */ = {isa = PBXFileReference; lastKnownFileType = file.storyboard; name = Base; path = Base.lproj/LaunchScreen.storyboard; sourceTree = "<group>"; };
		7630D1F52898A2570010BE52 /* whackBad.caf */ = {isa = PBXFileReference; lastKnownFileType = file; path = whackBad.caf; sourceTree = "<group>"; };
		7630D1F62898A2570010BE52 /* whack.caf */ = {isa = PBXFileReference; lastKnownFileType = file; path = whack.caf; sourceTree = "<group>"; };
		7630D1F72898A2570010BE52 /* gameOver@2x.png */ = {isa = PBXFileReference; lastKnownFileType = image.png; path = "gameOver@2x.png"; sourceTree = "<group>"; };
		7630D1F82898A2570010BE52 /* penguinEvil@2x.png */ = {isa = PBXFileReference; lastKnownFileType = image.png; path = "penguinEvil@2x.png"; sourceTree = "<group>"; };
		7630D1F92898A2570010BE52 /* whackHole@2x.png */ = {isa = PBXFileReference; lastKnownFileType = image.png; path = "whackHole@2x.png"; sourceTree = "<group>"; };
		7630D1FA2898A2570010BE52 /* penguinGood@2x.png */ = {isa = PBXFileReference; lastKnownFileType = image.png; path = "penguinGood@2x.png"; sourceTree = "<group>"; };
		7630D1FB2898A2570010BE52 /* whackMask@2x.png */ = {isa = PBXFileReference; lastKnownFileType = image.png; path = "whackMask@2x.png"; sourceTree = "<group>"; };
		7630D1FC2898A2570010BE52 /* whackBackground@2x.png */ = {isa = PBXFileReference; lastKnownFileType = image.png; path = "whackBackground@2x.png"; sourceTree = "<group>"; };
		7630D2052898ADB40010BE52 /* WhackSlot.swift */ = {isa = PBXFileReference; lastKnownFileType = sourcecode.swift; path = WhackSlot.swift; sourceTree = "<group>"; };
		76D0B4B4289BDB6300E21E86 /* penguinHit.sks */ = {isa = PBXFileReference; lastKnownFileType = file.sks; path = penguinHit.sks; sourceTree = "<group>"; };
		76D0B4B9289BE1C700E21E86 /* Assets.xcassets */ = {isa = PBXFileReference; lastKnownFileType = folder.assetcatalog; path = Assets.xcassets; sourceTree = "<group>"; };
		76D0B4BC289BE40800E21E86 /* mudEmitter.sks */ = {isa = PBXFileReference; lastKnownFileType = file.sks; path = mudEmitter.sks; sourceTree = "<group>"; };
/* End PBXFileReference section */

/* Begin PBXFrameworksBuildPhase section */
		7630D1C72898A0CC0010BE52 /* Frameworks */ = {
			isa = PBXFrameworksBuildPhase;
			buildActionMask = 2147483647;
			files = (
			);
			runOnlyForDeploymentPostprocessing = 0;
		};
/* End PBXFrameworksBuildPhase section */

/* Begin PBXGroup section */
		7630D1C12898A0CC0010BE52 = {
			isa = PBXGroup;
			children = (
				7630D1CC2898A0CC0010BE52 /* Project14 */,
				7630D1CB2898A0CC0010BE52 /* Products */,
			);
			sourceTree = "<group>";
		};
		7630D1CB2898A0CC0010BE52 /* Products */ = {
			isa = PBXGroup;
			children = (
				7630D1CA2898A0CC0010BE52 /* Project14.app */,
			);
			name = Products;
			sourceTree = "<group>";
		};
		7630D1CC2898A0CC0010BE52 /* Project14 */ = {
			isa = PBXGroup;
			children = (
				7630D1CD2898A0CC0010BE52 /* AppDelegate.swift */,
				7630D1CF2898A0CC0010BE52 /* GameScene.sks */,
				7630D1D32898A0CC0010BE52 /* GameScene.swift */,
				7630D1D52898A0CC0010BE52 /* GameViewController.swift */,
				7630D2052898ADB40010BE52 /* WhackSlot.swift */,
				76D0B4B9289BE1C700E21E86 /* Assets.xcassets */,
				7630D1D72898A0CC0010BE52 /* Main.storyboard */,
				7630D1DC2898A0CD0010BE52 /* LaunchScreen.storyboard */,
				7630D1F42898A2570010BE52 /* Content */,
			);
			path = Project14;
			sourceTree = "<group>";
		};
		7630D1F42898A2570010BE52 /* Content */ = {
			isa = PBXGroup;
			children = (
				76D0B4B4289BDB6300E21E86 /* penguinHit.sks */,
				76D0B4BC289BE40800E21E86 /* mudEmitter.sks */,
				7630D1F52898A2570010BE52 /* whackBad.caf */,
				7630D1F62898A2570010BE52 /* whack.caf */,
				7630D1F72898A2570010BE52 /* gameOver@2x.png */,
				7630D1F82898A2570010BE52 /* penguinEvil@2x.png */,
				7630D1F92898A2570010BE52 /* whackHole@2x.png */,
				7630D1FA2898A2570010BE52 /* penguinGood@2x.png */,
				7630D1FB2898A2570010BE52 /* whackMask@2x.png */,
				7630D1FC2898A2570010BE52 /* whackBackground@2x.png */,
			);
			path = Content;
			sourceTree = "<group>";
		};
/* End PBXGroup section */

/* Begin PBXNativeTarget section */
		7630D1C92898A0CC0010BE52 /* Project14 */ = {
			isa = PBXNativeTarget;
			buildConfigurationList = 7630D1E12898A0CD0010BE52 /* Build configuration list for PBXNativeTarget "Project14" */;
			buildPhases = (
				7630D1C62898A0CC0010BE52 /* Sources */,
				7630D1C72898A0CC0010BE52 /* Frameworks */,
				7630D1C82898A0CC0010BE52 /* Resources */,
			);
			buildRules = (
			);
			dependencies = (
			);
			name = Project14;
			productName = Project14;
			productReference = 7630D1CA2898A0CC0010BE52 /* Project14.app */;
			productType = "com.apple.product-type.application";
		};
/* End PBXNativeTarget section */

/* Begin PBXProject section */
		7630D1C22898A0CC0010BE52 /* Project object */ = {
			isa = PBXProject;
			attributes = {
				BuildIndependentTargetsInParallel = 1;
				LastSwiftUpdateCheck = 1340;
				LastUpgradeCheck = 1340;
				TargetAttributes = {
					7630D1C92898A0CC0010BE52 = {
						CreatedOnToolsVersion = 13.4.1;
					};
				};
			};
			buildConfigurationList = 7630D1C52898A0CC0010BE52 /* Build configuration list for PBXProject "Project14" */;
			compatibilityVersion = "Xcode 13.0";
			developmentRegion = en;
			hasScannedForEncodings = 0;
			knownRegions = (
				en,
				Base,
			);
			mainGroup = 7630D1C12898A0CC0010BE52;
			productRefGroup = 7630D1CB2898A0CC0010BE52 /* Products */;
			projectDirPath = "";
			projectRoot = "";
			targets = (
				7630D1C92898A0CC0010BE52 /* Project14 */,
			);
		};
/* End PBXProject section */

/* Begin PBXResourcesBuildPhase section */
		7630D1C82898A0CC0010BE52 /* Resources */ = {
			isa = PBXResourcesBuildPhase;
			buildActionMask = 2147483647;
			files = (
				7630D2032898A2570010BE52 /* whackMask@2x.png in Resources */,
				7630D1FD2898A2570010BE52 /* whackBad.caf in Resources */,
				7630D1D92898A0CC0010BE52 /* Main.storyboard in Resources */,
				7630D1D02898A0CC0010BE52 /* GameScene.sks in Resources */,
				76D0B4BB289BE1C700E21E86 /* Assets.xcassets in Resources */,
				7630D2042898A2570010BE52 /* whackBackground@2x.png in Resources */,
				7630D2012898A2570010BE52 /* whackHole@2x.png in Resources */,
				7630D1DE2898A0CD0010BE52 /* LaunchScreen.storyboard in Resources */,
				7630D2002898A2570010BE52 /* penguinEvil@2x.png in Resources */,
				76D0B4BD289BE40800E21E86 /* mudEmitter.sks in Resources */,
				7630D1FF2898A2570010BE52 /* gameOver@2x.png in Resources */,
				7630D2022898A2570010BE52 /* penguinGood@2x.png in Resources */,
				7630D1FE2898A2570010BE52 /* whack.caf in Resources */,
				76D0B4B5289BDB6300E21E86 /* penguinHit.sks in Resources */,
			);
			runOnlyForDeploymentPostprocessing = 0;
		};
/* End PBXResourcesBuildPhase section */

/* Begin PBXSourcesBuildPhase section */
		7630D1C62898A0CC0010BE52 /* Sources */ = {
			isa = PBXSourcesBuildPhase;
			buildActionMask = 2147483647;
			files = (
				7630D1D42898A0CC0010BE52 /* GameScene.swift in Sources */,
				7630D1D62898A0CC0010BE52 /* GameViewController.swift in Sources */,
				7630D2062898ADB40010BE52 /* WhackSlot.swift in Sources */,
				7630D1CE2898A0CC0010BE52 /* AppDelegate.swift in Sources */,
			);
			runOnlyForDeploymentPostprocessing = 0;
		};
/* End PBXSourcesBuildPhase section */

/* Begin PBXVariantGroup section */
		7630D1D72898A0CC0010BE52 /* Main.storyboard */ = {
			isa = PBXVariantGroup;
			children = (
				7630D1D82898A0CC0010BE52 /* Base */,
			);
			name = Main.storyboard;
			sourceTree = "<group>";
		};
		7630D1DC2898A0CD0010BE52 /* LaunchScreen.storyboard */ = {
			isa = PBXVariantGroup;
			children = (
				7630D1DD2898A0CD0010BE52 /* Base */,
			);
			name = LaunchScreen.storyboard;
			sourceTree = "<group>";
		};
/* End PBXVariantGroup section */

/* Begin XCBuildConfiguration section */
		7630D1DF2898A0CD0010BE52 /* Debug */ = {
			isa = XCBuildConfiguration;
			buildSettings = {
				ALWAYS_SEARCH_USER_PATHS = NO;
				CLANG_ANALYZER_NONNULL = YES;
				CLANG_ANALYZER_NUMBER_OBJECT_CONVERSION = YES_AGGRESSIVE;
				CLANG_CXX_LANGUAGE_STANDARD = "gnu++17";
				CLANG_ENABLE_MODULES = YES;
				CLANG_ENABLE_OBJC_ARC = YES;
				CLANG_ENABLE_OBJC_WEAK = YES;
				CLANG_WARN_BLOCK_CAPTURE_AUTORELEASING = YES;
				CLANG_WARN_BOOL_CONVERSION = YES;
				CLANG_WARN_COMMA = YES;
				CLANG_WARN_CONSTANT_CONVERSION = YES;
				CLANG_WARN_DEPRECATED_OBJC_IMPLEMENTATIONS = YES;
				CLANG_WARN_DIRECT_OBJC_ISA_USAGE = YES_ERROR;
				CLANG_WARN_DOCUMENTATION_COMMENTS = YES;
				CLANG_WARN_EMPTY_BODY = YES;
				CLANG_WARN_ENUM_CONVERSION = YES;
				CLANG_WARN_INFINITE_RECURSION = YES;
				CLANG_WARN_INT_CONVERSION = YES;
				CLANG_WARN_NON_LITERAL_NULL_CONVERSION = YES;
				CLANG_WARN_OBJC_IMPLICIT_RETAIN_SELF = YES;
				CLANG_WARN_OBJC_LITERAL_CONVERSION = YES;
				CLANG_WARN_OBJC_ROOT_CLASS = YES_ERROR;
				CLANG_WARN_QUOTED_INCLUDE_IN_FRAMEWORK_HEADER = YES;
				CLANG_WARN_RANGE_LOOP_ANALYSIS = YES;
				CLANG_WARN_STRICT_PROTOTYPES = YES;
				CLANG_WARN_SUSPICIOUS_MOVE = YES;
				CLANG_WARN_UNGUARDED_AVAILABILITY = YES_AGGRESSIVE;
				CLANG_WARN_UNREACHABLE_CODE = YES;
				CLANG_WARN__DUPLICATE_METHOD_MATCH = YES;
				COPY_PHASE_STRIP = NO;
				DEBUG_INFORMATION_FORMAT = dwarf;
				ENABLE_STRICT_OBJC_MSGSEND = YES;
				ENABLE_TESTABILITY = YES;
				GCC_C_LANGUAGE_STANDARD = gnu11;
				GCC_DYNAMIC_NO_PIC = NO;
				GCC_NO_COMMON_BLOCKS = YES;
				GCC_OPTIMIZATION_LEVEL = 0;
				GCC_PREPROCESSOR_DEFINITIONS = (
					"DEBUG=1",
					"$(inherited)",
				);
				GCC_WARN_64_TO_32_BIT_CONVERSION = YES;
				GCC_WARN_ABOUT_RETURN_TYPE = YES_ERROR;
				GCC_WARN_UNDECLARED_SELECTOR = YES;
				GCC_WARN_UNINITIALIZED_AUTOS = YES_AGGRESSIVE;
				GCC_WARN_UNUSED_FUNCTION = YES;
				GCC_WARN_UNUSED_VARIABLE = YES;
				IPHONEOS_DEPLOYMENT_TARGET = 15.5;
				MTL_ENABLE_DEBUG_INFO = INCLUDE_SOURCE;
				MTL_FAST_MATH = YES;
				ONLY_ACTIVE_ARCH = YES;
				SDKROOT = iphoneos;
				SWIFT_ACTIVE_COMPILATION_CONDITIONS = DEBUG;
				SWIFT_OPTIMIZATION_LEVEL = "-Onone";
			};
			name = Debug;
		};
		7630D1E02898A0CD0010BE52 /* Release */ = {
			isa = XCBuildConfiguration;
			buildSettings = {
				ALWAYS_SEARCH_USER_PATHS = NO;
				CLANG_ANALYZER_NONNULL = YES;
				CLANG_ANALYZER_NUMBER_OBJECT_CONVERSION = YES_AGGRESSIVE;
				CLANG_CXX_LANGUAGE_STANDARD = "gnu++17";
				CLANG_ENABLE_MODULES = YES;
				CLANG_ENABLE_OBJC_ARC = YES;
				CLANG_ENABLE_OBJC_WEAK = YES;
				CLANG_WARN_BLOCK_CAPTURE_AUTORELEASING = YES;
				CLANG_WARN_BOOL_CONVERSION = YES;
				CLANG_WARN_COMMA = YES;
				CLANG_WARN_CONSTANT_CONVERSION = YES;
				CLANG_WARN_DEPRECATED_OBJC_IMPLEMENTATIONS = YES;
				CLANG_WARN_DIRECT_OBJC_ISA_USAGE = YES_ERROR;
				CLANG_WARN_DOCUMENTATION_COMMENTS = YES;
				CLANG_WARN_EMPTY_BODY = YES;
				CLANG_WARN_ENUM_CONVERSION = YES;
				CLANG_WARN_INFINITE_RECURSION = YES;
				CLANG_WARN_INT_CONVERSION = YES;
				CLANG_WARN_NON_LITERAL_NULL_CONVERSION = YES;
				CLANG_WARN_OBJC_IMPLICIT_RETAIN_SELF = YES;
				CLANG_WARN_OBJC_LITERAL_CONVERSION = YES;
				CLANG_WARN_OBJC_ROOT_CLASS = YES_ERROR;
				CLANG_WARN_QUOTED_INCLUDE_IN_FRAMEWORK_HEADER = YES;
				CLANG_WARN_RANGE_LOOP_ANALYSIS = YES;
				CLANG_WARN_STRICT_PROTOTYPES = YES;
				CLANG_WARN_SUSPICIOUS_MOVE = YES;
				CLANG_WARN_UNGUARDED_AVAILABILITY = YES_AGGRESSIVE;
				CLANG_WARN_UNREACHABLE_CODE = YES;
				CLANG_WARN__DUPLICATE_METHOD_MATCH = YES;
				COPY_PHASE_STRIP = NO;
				DEBUG_INFORMATION_FORMAT = "dwarf-with-dsym";
				ENABLE_NS_ASSERTIONS = NO;
				ENABLE_STRICT_OBJC_MSGSEND = YES;
				GCC_C_LANGUAGE_STANDARD = gnu11;
				GCC_NO_COMMON_BLOCKS = YES;
				GCC_WARN_64_TO_32_BIT_CONVERSION = YES;
				GCC_WARN_ABOUT_RETURN_TYPE = YES_ERROR;
				GCC_WARN_UNDECLARED_SELECTOR = YES;
				GCC_WARN_UNINITIALIZED_AUTOS = YES_AGGRESSIVE;
				GCC_WARN_UNUSED_FUNCTION = YES;
				GCC_WARN_UNUSED_VARIABLE = YES;
				IPHONEOS_DEPLOYMENT_TARGET = 15.5;
				MTL_ENABLE_DEBUG_INFO = NO;
				MTL_FAST_MATH = YES;
				SDKROOT = iphoneos;
				SWIFT_COMPILATION_MODE = wholemodule;
				SWIFT_OPTIMIZATION_LEVEL = "-O";
				VALIDATE_PRODUCT = YES;
			};
			name = Release;
		};
		7630D1E22898A0CD0010BE52 /* Debug */ = {
			isa = XCBuildConfiguration;
			buildSettings = {
				ASSETCATALOG_COMPILER_APPICON_NAME = AppIcon;
				ASSETCATALOG_COMPILER_GLOBAL_ACCENT_COLOR_NAME = AccentColor;
				CODE_SIGN_STYLE = Automatic;
				CURRENT_PROJECT_VERSION = 1;
				DEVELOPMENT_TEAM = 89L9PSZ495;
				GENERATE_INFOPLIST_FILE = YES;
				INFOPLIST_KEY_UIApplicationSupportsIndirectInputEvents = YES;
				INFOPLIST_KEY_UILaunchStoryboardName = LaunchScreen;
				INFOPLIST_KEY_UIMainStoryboardFile = Main;
				INFOPLIST_KEY_UIStatusBarHidden = YES;
				INFOPLIST_KEY_UISupportedInterfaceOrientations_iPad = "UIInterfaceOrientationLandscapeLeft UIInterfaceOrientationLandscapeRight";
				INFOPLIST_KEY_UISupportedInterfaceOrientations_iPhone = "UIInterfaceOrientationPortrait UIInterfaceOrientationLandscapeLeft UIInterfaceOrientationLandscapeRight";
				LD_RUNPATH_SEARCH_PATHS = (
					"$(inherited)",
					"@executable_path/Frameworks",
				);
				MARKETING_VERSION = 1.0;
				PRODUCT_BUNDLE_IDENTIFIER = com.Project14;
				PRODUCT_NAME = "$(TARGET_NAME)";
				SWIFT_EMIT_LOC_STRINGS = YES;
				SWIFT_VERSION = 5.0;
				TARGETED_DEVICE_FAMILY = 2;
			};
			name = Debug;
		};
		7630D1E32898A0CD0010BE52 /* Release */ = {
			isa = XCBuildConfiguration;
			buildSettings = {
				ASSETCATALOG_COMPILER_APPICON_NAME = AppIcon;
				ASSETCATALOG_COMPILER_GLOBAL_ACCENT_COLOR_NAME = AccentColor;
				CODE_SIGN_STYLE = Automatic;
				CURRENT_PROJECT_VERSION = 1;
				DEVELOPMENT_TEAM = 89L9PSZ495;
				GENERATE_INFOPLIST_FILE = YES;
				INFOPLIST_KEY_UIApplicationSupportsIndirectInputEvents = YES;
				INFOPLIST_KEY_UILaunchStoryboardName = LaunchScreen;
				INFOPLIST_KEY_UIMainStoryboardFile = Main;
				INFOPLIST_KEY_UIStatusBarHidden = YES;
				INFOPLIST_KEY_UISupportedInterfaceOrientations_iPad = "UIInterfaceOrientationLandscapeLeft UIInterfaceOrientationLandscapeRight";
				INFOPLIST_KEY_UISupportedInterfaceOrientations_iPhone = "UIInterfaceOrientationPortrait UIInterfaceOrientationLandscapeLeft UIInterfaceOrientationLandscapeRight";
				LD_RUNPATH_SEARCH_PATHS = (
					"$(inherited)",
					"@executable_path/Frameworks",
				);
				MARKETING_VERSION = 1.0;
				PRODUCT_BUNDLE_IDENTIFIER = com.Project14;
				PRODUCT_NAME = "$(TARGET_NAME)";
				SWIFT_EMIT_LOC_STRINGS = YES;
				SWIFT_VERSION = 5.0;
				TARGETED_DEVICE_FAMILY = 2;
			};
			name = Release;
		};
/* End XCBuildConfiguration section */

/* Begin XCConfigurationList section */
		7630D1C52898A0CC0010BE52 /* Build configuration list for PBXProject "Project14" */ = {
			isa = XCConfigurationList;
			buildConfigurations = (
				7630D1DF2898A0CD0010BE52 /* Debug */,
				7630D1E02898A0CD0010BE52 /* Release */,
			);
			defaultConfigurationIsVisible = 0;
			defaultConfigurationName = Release;
		};
		7630D1E12898A0CD0010BE52 /* Build configuration list for PBXNativeTarget "Project14" */ = {
			isa = XCConfigurationList;
			buildConfigurations = (
				7630D1E22898A0CD0010BE52 /* Debug */,
				7630D1E32898A0CD0010BE52 /* Release */,
			);
			defaultConfigurationIsVisible = 0;
			defaultConfigurationName = Release;
		};
/* End XCConfigurationList section */
	};
	rootObject = 7630D1C22898A0CC0010BE52 /* Project object */;
}
