// !$*UTF8*$!
{
	archiveVersion = 1;
	classes = {
	};
	objectVersion = 56;
	objects = {

/* Begin PBXBuildFile section */
		7621B0E829982A8F0009EDCF /* BackSide.png in Resources */ = {isa = PBXBuildFile; fileRef = 7621B0E729982A8F0009EDCF /* BackSide.png */; };
		76263057299E9A1A00ACA398 /* MockData.swift in Sources */ = {isa = PBXBuildFile; fileRef = 76263056299E9A1A00ACA398 /* MockData.swift */; };
		76263059299E9E1800ACA398 /* DataFormatter.swift in Sources */ = {isa = PBXBuildFile; fileRef = 76263058299E9E1800ACA398 /* DataFormatter.swift */; };
		764BB7062981DDD400076203 /* AppDelegate.swift in Sources */ = {isa = PBXBuildFile; fileRef = 764BB7052981DDD400076203 /* AppDelegate.swift */; };
		764BB7082981DDD400076203 /* SceneDelegate.swift in Sources */ = {isa = PBXBuildFile; fileRef = 764BB7072981DDD400076203 /* SceneDelegate.swift */; };
		764BB70A2981DDD400076203 /* ViewController.swift in Sources */ = {isa = PBXBuildFile; fileRef = 764BB7092981DDD400076203 /* ViewController.swift */; };
		764BB70D2981DDD400076203 /* Main.storyboard in Resources */ = {isa = PBXBuildFile; fileRef = 764BB70B2981DDD400076203 /* Main.storyboard */; };
		764BB70F2981DDD400076203 /* Assets.xcassets in Resources */ = {isa = PBXBuildFile; fileRef = 764BB70E2981DDD400076203 /* Assets.xcassets */; };
		764BB7122981DDD400076203 /* LaunchScreen.storyboard in Resources */ = {isa = PBXBuildFile; fileRef = 764BB7102981DDD400076203 /* LaunchScreen.storyboard */; };
		76EC0F9C2982CED600FB1266 /* Pair.swift in Sources */ = {isa = PBXBuildFile; fileRef = 76EC0F9B2982CED600FB1266 /* Pair.swift */; };
		76EC0F9E2982D4C800FB1266 /* CardView.swift in Sources */ = {isa = PBXBuildFile; fileRef = 76EC0F9D2982D4C800FB1266 /* CardView.swift */; };
/* End PBXBuildFile section */

/* Begin PBXFileReference section */
		7621B0E729982A8F0009EDCF /* BackSide.png */ = {isa = PBXFileReference; lastKnownFileType = image.png; path = BackSide.png; sourceTree = "<group>"; };
		76263056299E9A1A00ACA398 /* MockData.swift */ = {isa = PBXFileReference; lastKnownFileType = sourcecode.swift; path = MockData.swift; sourceTree = "<group>"; };
		76263058299E9E1800ACA398 /* DataFormatter.swift */ = {isa = PBXFileReference; lastKnownFileType = sourcecode.swift; path = DataFormatter.swift; sourceTree = "<group>"; };
		764BB7022981DDD400076203 /* CardPairing.app */ = {isa = PBXFileReference; explicitFileType = wrapper.application; includeInIndex = 0; path = CardPairing.app; sourceTree = BUILT_PRODUCTS_DIR; };
		764BB7052981DDD400076203 /* AppDelegate.swift */ = {isa = PBXFileReference; lastKnownFileType = sourcecode.swift; path = AppDelegate.swift; sourceTree = "<group>"; };
		764BB7072981DDD400076203 /* SceneDelegate.swift */ = {isa = PBXFileReference; lastKnownFileType = sourcecode.swift; path = SceneDelegate.swift; sourceTree = "<group>"; };
		764BB7092981DDD400076203 /* ViewController.swift */ = {isa = PBXFileReference; lastKnownFileType = sourcecode.swift; path = ViewController.swift; sourceTree = "<group>"; };
		764BB70C2981DDD400076203 /* Base */ = {isa = PBXFileReference; lastKnownFileType = file.storyboard; name = Base; path = Base.lproj/Main.storyboard; sourceTree = "<group>"; };
		764BB70E2981DDD400076203 /* Assets.xcassets */ = {isa = PBXFileReference; lastKnownFileType = folder.assetcatalog; path = Assets.xcassets; sourceTree = "<group>"; };
		764BB7112981DDD400076203 /* Base */ = {isa = PBXFileReference; lastKnownFileType = file.storyboard; name = Base; path = Base.lproj/LaunchScreen.storyboard; sourceTree = "<group>"; };
		764BB7132981DDD400076203 /* Info.plist */ = {isa = PBXFileReference; lastKnownFileType = text.plist.xml; path = Info.plist; sourceTree = "<group>"; };
		76EC0F9B2982CED600FB1266 /* Pair.swift */ = {isa = PBXFileReference; lastKnownFileType = sourcecode.swift; path = Pair.swift; sourceTree = "<group>"; };
		76EC0F9D2982D4C800FB1266 /* CardView.swift */ = {isa = PBXFileReference; lastKnownFileType = sourcecode.swift; path = CardView.swift; sourceTree = "<group>"; };
/* End PBXFileReference section */

/* Begin PBXFrameworksBuildPhase section */
		764BB6FF2981DDD400076203 /* Frameworks */ = {
			isa = PBXFrameworksBuildPhase;
			buildActionMask = 2147483647;
			files = (
			);
			runOnlyForDeploymentPostprocessing = 0;
		};
/* End PBXFrameworksBuildPhase section */

/* Begin PBXGroup section */
		764BB6F92981DDD400076203 = {
			isa = PBXGroup;
			children = (
				764BB7042981DDD400076203 /* CardPairing */,
				764BB7032981DDD400076203 /* Products */,
			);
			sourceTree = "<group>";
		};
		764BB7032981DDD400076203 /* Products */ = {
			isa = PBXGroup;
			children = (
				764BB7022981DDD400076203 /* CardPairing.app */,
			);
			name = Products;
			sourceTree = "<group>";
		};
		764BB7042981DDD400076203 /* CardPairing */ = {
			isa = PBXGroup;
			children = (
				76263058299E9E1800ACA398 /* DataFormatter.swift */,
				76263056299E9A1A00ACA398 /* MockData.swift */,
				764BB7052981DDD400076203 /* AppDelegate.swift */,
				764BB7072981DDD400076203 /* SceneDelegate.swift */,
				764BB7092981DDD400076203 /* ViewController.swift */,
				76EC0F9D2982D4C800FB1266 /* CardView.swift */,
				76EC0F9B2982CED600FB1266 /* Pair.swift */,
				764BB70B2981DDD400076203 /* Main.storyboard */,
				764BB70E2981DDD400076203 /* Assets.xcassets */,
				764BB7102981DDD400076203 /* LaunchScreen.storyboard */,
				764BB7132981DDD400076203 /* Info.plist */,
				7621B0E729982A8F0009EDCF /* BackSide.png */,
			);
			path = CardPairing;
			sourceTree = "<group>";
		};
/* End PBXGroup section */

/* Begin PBXNativeTarget section */
		764BB7012981DDD400076203 /* CardPairing */ = {
			isa = PBXNativeTarget;
			buildConfigurationList = 764BB7162981DDD400076203 /* Build configuration list for PBXNativeTarget "CardPairing" */;
			buildPhases = (
				764BB6FE2981DDD400076203 /* Sources */,
				764BB6FF2981DDD400076203 /* Frameworks */,
				764BB7002981DDD400076203 /* Resources */,
			);
			buildRules = (
			);
			dependencies = (
			);
			name = CardPairing;
			productName = CardPairing;
			productReference = 764BB7022981DDD400076203 /* CardPairing.app */;
			productType = "com.apple.product-type.application";
		};
/* End PBXNativeTarget section */

/* Begin PBXProject section */
		764BB6FA2981DDD400076203 /* Project object */ = {
			isa = PBXProject;
			attributes = {
				BuildIndependentTargetsInParallel = 1;
				LastSwiftUpdateCheck = 1420;
				LastUpgradeCheck = 1420;
				TargetAttributes = {
					764BB7012981DDD400076203 = {
						CreatedOnToolsVersion = 14.2;
					};
				};
			};
			buildConfigurationList = 764BB6FD2981DDD400076203 /* Build configuration list for PBXProject "CardPairing" */;
			compatibilityVersion = "Xcode 14.0";
			developmentRegion = en;
			hasScannedForEncodings = 0;
			knownRegions = (
				en,
				Base,
			);
			mainGroup = 764BB6F92981DDD400076203;
			productRefGroup = 764BB7032981DDD400076203 /* Products */;
			projectDirPath = "";
			projectRoot = "";
			targets = (
				764BB7012981DDD400076203 /* CardPairing */,
			);
		};
/* End PBXProject section */

/* Begin PBXResourcesBuildPhase section */
		764BB7002981DDD400076203 /* Resources */ = {
			isa = PBXResourcesBuildPhase;
			buildActionMask = 2147483647;
			files = (
				764BB7122981DDD400076203 /* LaunchScreen.storyboard in Resources */,
				764BB70F2981DDD400076203 /* Assets.xcassets in Resources */,
				7621B0E829982A8F0009EDCF /* BackSide.png in Resources */,
				764BB70D2981DDD400076203 /* Main.storyboard in Resources */,
			);
			runOnlyForDeploymentPostprocessing = 0;
		};
/* End PBXResourcesBuildPhase section */

/* Begin PBXSourcesBuildPhase section */
		764BB6FE2981DDD400076203 /* Sources */ = {
			isa = PBXSourcesBuildPhase;
			buildActionMask = 2147483647;
			files = (
				764BB70A2981DDD400076203 /* ViewController.swift in Sources */,
				76263057299E9A1A00ACA398 /* MockData.swift in Sources */,
				764BB7062981DDD400076203 /* AppDelegate.swift in Sources */,
				764BB7082981DDD400076203 /* SceneDelegate.swift in Sources */,
				76EC0F9C2982CED600FB1266 /* Pair.swift in Sources */,
				76EC0F9E2982D4C800FB1266 /* CardView.swift in Sources */,
				76263059299E9E1800ACA398 /* DataFormatter.swift in Sources */,
			);
			runOnlyForDeploymentPostprocessing = 0;
		};
/* End PBXSourcesBuildPhase section */

/* Begin PBXVariantGroup section */
		764BB70B2981DDD400076203 /* Main.storyboard */ = {
			isa = PBXVariantGroup;
			children = (
				764BB70C2981DDD400076203 /* Base */,
			);
			name = Main.storyboard;
			sourceTree = "<group>";
		};
		764BB7102981DDD400076203 /* LaunchScreen.storyboard */ = {
			isa = PBXVariantGroup;
			children = (
				764BB7112981DDD400076203 /* Base */,
			);
			name = LaunchScreen.storyboard;
			sourceTree = "<group>";
		};
/* End PBXVariantGroup section */

/* Begin XCBuildConfiguration section */
		764BB7142981DDD400076203 /* Debug */ = {
			isa = XCBuildConfiguration;
			buildSettings = {
				ALWAYS_SEARCH_USER_PATHS = NO;
				CLANG_ANALYZER_NONNULL = YES;
				CLANG_ANALYZER_NUMBER_OBJECT_CONVERSION = YES_AGGRESSIVE;
				CLANG_CXX_LANGUAGE_STANDARD = "gnu++20";
				CLANG_ENABLE_MODULES = YES;
				CLANG_ENABLE_OBJC_ARC = YES;
				CLANG_ENABLE_OBJC_WEAK = YES;
				CLANG_WARN_BLOCK_CAPTURE_AUTORELEASING = YES;
				CLANG_WARN_BOOL_CONVERSION = YES;
				CLANG_WARN_COMMA = YES;
				CLANG_WARN_CONSTANT_CONVERSION = YES;
				CLANG_WARN_DEPRECATED_OBJC_IMPLEMENTATIONS = YES;
				CLANG_WARN_DIRECT_OBJC_ISA_USAGE = YES_ERROR;
				CLANG_WARN_DOCUMENTATION_COMMENTS = YES;
				CLANG_WARN_EMPTY_BODY = YES;
				CLANG_WARN_ENUM_CONVERSION = YES;
				CLANG_WARN_INFINITE_RECURSION = YES;
				CLANG_WARN_INT_CONVERSION = YES;
				CLANG_WARN_NON_LITERAL_NULL_CONVERSION = YES;
				CLANG_WARN_OBJC_IMPLICIT_RETAIN_SELF = YES;
				CLANG_WARN_OBJC_LITERAL_CONVERSION = YES;
				CLANG_WARN_OBJC_ROOT_CLASS = YES_ERROR;
				CLANG_WARN_QUOTED_INCLUDE_IN_FRAMEWORK_HEADER = YES;
				CLANG_WARN_RANGE_LOOP_ANALYSIS = YES;
				CLANG_WARN_STRICT_PROTOTYPES = YES;
				CLANG_WARN_SUSPICIOUS_MOVE = YES;
				CLANG_WARN_UNGUARDED_AVAILABILITY = YES_AGGRESSIVE;
				CLANG_WARN_UNREACHABLE_CODE = YES;
				CLANG_WARN__DUPLICATE_METHOD_MATCH = YES;
				COPY_PHASE_STRIP = NO;
				DEBUG_INFORMATION_FORMAT = dwarf;
				ENABLE_STRICT_OBJC_MSGSEND = YES;
				ENABLE_TESTABILITY = YES;
				GCC_C_LANGUAGE_STANDARD = gnu11;
				GCC_DYNAMIC_NO_PIC = NO;
				GCC_NO_COMMON_BLOCKS = YES;
				GCC_OPTIMIZATION_LEVEL = 0;
				GCC_PREPROCESSOR_DEFINITIONS = (
					"DEBUG=1",
					"$(inherited)",
				);
				GCC_WARN_64_TO_32_BIT_CONVERSION = YES;
				GCC_WARN_ABOUT_RETURN_TYPE = YES_ERROR;
				GCC_WARN_UNDECLARED_SELECTOR = YES;
				GCC_WARN_UNINITIALIZED_AUTOS = YES_AGGRESSIVE;
				GCC_WARN_UNUSED_FUNCTION = YES;
				GCC_WARN_UNUSED_VARIABLE = YES;
				IPHONEOS_DEPLOYMENT_TARGET = 16.2;
				MTL_ENABLE_DEBUG_INFO = INCLUDE_SOURCE;
				MTL_FAST_MATH = YES;
				ONLY_ACTIVE_ARCH = YES;
				SDKROOT = iphoneos;
				SWIFT_ACTIVE_COMPILATION_CONDITIONS = DEBUG;
				SWIFT_OPTIMIZATION_LEVEL = "-Onone";
			};
			name = Debug;
		};
		764BB7152981DDD400076203 /* Release */ = {
			isa = XCBuildConfiguration;
			buildSettings = {
				ALWAYS_SEARCH_USER_PATHS = NO;
				CLANG_ANALYZER_NONNULL = YES;
				CLANG_ANALYZER_NUMBER_OBJECT_CONVERSION = YES_AGGRESSIVE;
				CLANG_CXX_LANGUAGE_STANDARD = "gnu++20";
				CLANG_ENABLE_MODULES = YES;
				CLANG_ENABLE_OBJC_ARC = YES;
				CLANG_ENABLE_OBJC_WEAK = YES;
				CLANG_WARN_BLOCK_CAPTURE_AUTORELEASING = YES;
				CLANG_WARN_BOOL_CONVERSION = YES;
				CLANG_WARN_COMMA = YES;
				CLANG_WARN_CONSTANT_CONVERSION = YES;
				CLANG_WARN_DEPRECATED_OBJC_IMPLEMENTATIONS = YES;
				CLANG_WARN_DIRECT_OBJC_ISA_USAGE = YES_ERROR;
				CLANG_WARN_DOCUMENTATION_COMMENTS = YES;
				CLANG_WARN_EMPTY_BODY = YES;
				CLANG_WARN_ENUM_CONVERSION = YES;
				CLANG_WARN_INFINITE_RECURSION = YES;
				CLANG_WARN_INT_CONVERSION = YES;
				CLANG_WARN_NON_LITERAL_NULL_CONVERSION = YES;
				CLANG_WARN_OBJC_IMPLICIT_RETAIN_SELF = YES;
				CLANG_WARN_OBJC_LITERAL_CONVERSION = YES;
				CLANG_WARN_OBJC_ROOT_CLASS = YES_ERROR;
				CLANG_WARN_QUOTED_INCLUDE_IN_FRAMEWORK_HEADER = YES;
				CLANG_WARN_RANGE_LOOP_ANALYSIS = YES;
				CLANG_WARN_STRICT_PROTOTYPES = YES;
				CLANG_WARN_SUSPICIOUS_MOVE = YES;
				CLANG_WARN_UNGUARDED_AVAILABILITY = YES_AGGRESSIVE;
				CLANG_WARN_UNREACHABLE_CODE = YES;
				CLANG_WARN__DUPLICATE_METHOD_MATCH = YES;
				COPY_PHASE_STRIP = NO;
				DEBUG_INFORMATION_FORMAT = "dwarf-with-dsym";
				ENABLE_NS_ASSERTIONS = NO;
				ENABLE_STRICT_OBJC_MSGSEND = YES;
				GCC_C_LANGUAGE_STANDARD = gnu11;
				GCC_NO_COMMON_BLOCKS = YES;
				GCC_WARN_64_TO_32_BIT_CONVERSION = YES;
				GCC_WARN_ABOUT_RETURN_TYPE = YES_ERROR;
				GCC_WARN_UNDECLARED_SELECTOR = YES;
				GCC_WARN_UNINITIALIZED_AUTOS = YES_AGGRESSIVE;
				GCC_WARN_UNUSED_FUNCTION = YES;
				GCC_WARN_UNUSED_VARIABLE = YES;
				IPHONEOS_DEPLOYMENT_TARGET = 16.2;
				MTL_ENABLE_DEBUG_INFO = NO;
				MTL_FAST_MATH = YES;
				SDKROOT = iphoneos;
				SWIFT_COMPILATION_MODE = wholemodule;
				SWIFT_OPTIMIZATION_LEVEL = "-O";
				VALIDATE_PRODUCT = YES;
			};
			name = Release;
		};
		764BB7172981DDD400076203 /* Debug */ = {
			isa = XCBuildConfiguration;
			buildSettings = {
				ASSETCATALOG_COMPILER_APPICON_NAME = AppIcon;
				ASSETCATALOG_COMPILER_GLOBAL_ACCENT_COLOR_NAME = AccentColor;
				CODE_SIGN_STYLE = Automatic;
				CURRENT_PROJECT_VERSION = 1;
				DEVELOPMENT_TEAM = 89L9PSZ495;
				GENERATE_INFOPLIST_FILE = YES;
				INFOPLIST_FILE = CardPairing/Info.plist;
				INFOPLIST_KEY_CFBundleDisplayName = "Card Pairing";
				INFOPLIST_KEY_LSApplicationCategoryType = "public.app-category.educational-games";
				INFOPLIST_KEY_UIApplicationSupportsIndirectInputEvents = YES;
				INFOPLIST_KEY_UILaunchStoryboardName = LaunchScreen;
				INFOPLIST_KEY_UIMainStoryboardFile = Main;
				INFOPLIST_KEY_UIRequiresFullScreen = NO;
				INFOPLIST_KEY_UIStatusBarHidden = NO;
				INFOPLIST_KEY_UISupportedInterfaceOrientations = "UIInterfaceOrientationLandscapeLeft UIInterfaceOrientationLandscapeRight UIInterfaceOrientationPortrait";
				INFOPLIST_KEY_UISupportedInterfaceOrientations_iPad = "UIInterfaceOrientationLandscapeLeft UIInterfaceOrientationLandscapeRight";
				IPHONEOS_DEPLOYMENT_TARGET = 15.0;
				LD_RUNPATH_SEARCH_PATHS = (
					"$(inherited)",
					"@executable_path/Frameworks",
				);
				MARKETING_VERSION = 1.0;
				PRODUCT_BUNDLE_IDENTIFIER = com.mine.Pelmanism;
				PRODUCT_NAME = "$(TARGET_NAME)";
				SUPPORTED_PLATFORMS = "iphoneos iphonesimulator";
				SUPPORTS_MACCATALYST = NO;
				SUPPORTS_MAC_DESIGNED_FOR_IPHONE_IPAD = NO;
				SWIFT_EMIT_LOC_STRINGS = YES;
				SWIFT_VERSION = 5.0;
				TARGETED_DEVICE_FAMILY = 2;
			};
			name = Debug;
		};
		764BB7182981DDD400076203 /* Release */ = {
			isa = XCBuildConfiguration;
			buildSettings = {
				ASSETCATALOG_COMPILER_APPICON_NAME = AppIcon;
				ASSETCATALOG_COMPILER_GLOBAL_ACCENT_COLOR_NAME = AccentColor;
				CODE_SIGN_STYLE = Automatic;
				CURRENT_PROJECT_VERSION = 1;
				DEVELOPMENT_TEAM = 89L9PSZ495;
				GENERATE_INFOPLIST_FILE = YES;
				INFOPLIST_FILE = CardPairing/Info.plist;
				INFOPLIST_KEY_CFBundleDisplayName = "Card Pairing";
				INFOPLIST_KEY_LSApplicationCategoryType = "public.app-category.educational-games";
				INFOPLIST_KEY_UIApplicationSupportsIndirectInputEvents = YES;
				INFOPLIST_KEY_UILaunchStoryboardName = LaunchScreen;
				INFOPLIST_KEY_UIMainStoryboardFile = Main;
				INFOPLIST_KEY_UIRequiresFullScreen = NO;
				INFOPLIST_KEY_UIStatusBarHidden = NO;
				INFOPLIST_KEY_UISupportedInterfaceOrientations = "UIInterfaceOrientationLandscapeLeft UIInterfaceOrientationLandscapeRight UIInterfaceOrientationPortrait";
				INFOPLIST_KEY_UISupportedInterfaceOrientations_iPad = "UIInterfaceOrientationLandscapeLeft UIInterfaceOrientationLandscapeRight";
				IPHONEOS_DEPLOYMENT_TARGET = 15.0;
				LD_RUNPATH_SEARCH_PATHS = (
					"$(inherited)",
					"@executable_path/Frameworks",
				);
				MARKETING_VERSION = 1.0;
				PRODUCT_BUNDLE_IDENTIFIER = com.mine.Pelmanism;
				PRODUCT_NAME = "$(TARGET_NAME)";
				SUPPORTED_PLATFORMS = "iphoneos iphonesimulator";
				SUPPORTS_MACCATALYST = NO;
				SUPPORTS_MAC_DESIGNED_FOR_IPHONE_IPAD = NO;
				SWIFT_EMIT_LOC_STRINGS = YES;
				SWIFT_VERSION = 5.0;
				TARGETED_DEVICE_FAMILY = 2;
			};
			name = Release;
		};
/* End XCBuildConfiguration section */

/* Begin XCConfigurationList section */
		764BB6FD2981DDD400076203 /* Build configuration list for PBXProject "CardPairing" */ = {
			isa = XCConfigurationList;
			buildConfigurations = (
				764BB7142981DDD400076203 /* Debug */,
				764BB7152981DDD400076203 /* Release */,
			);
			defaultConfigurationIsVisible = 0;
			defaultConfigurationName = Release;
		};
		764BB7162981DDD400076203 /* Build configuration list for PBXNativeTarget "CardPairing" */ = {
			isa = XCConfigurationList;
			buildConfigurations = (
				764BB7172981DDD400076203 /* Debug */,
				764BB7182981DDD400076203 /* Release */,
			);
			defaultConfigurationIsVisible = 0;
			defaultConfigurationName = Release;
		};
/* End XCConfigurationList section */
	};
	rootObject = 764BB6FA2981DDD400076203 /* Project object */;
}
